
Microsoft Visual Studio Solution File, Format Version 12.00
# Visual Studio Version 17
VisualStudioVersion = 17.9.34728.123
MinimumVisualStudioVersion = 10.0.40219.1
Project("{FAE04EC0-301F-11D3-BF4B-00C04F79EFBC}") = "LuKussner", "LuKussner\LuKussner.csproj", "{FBEB0FA5-1DD4-4EF2-AF0E-4C3AB538A7F4}"
EndProject
Global
	GlobalSection(SolutionConfigurationPlatforms) = preSolution
		Debug|Any CPU = Debug|Any CPU
		Release|Any CPU = Release|Any CPU
	EndGlobalSection
	GlobalSection(ProjectConfigurationPlatforms) = postSolution
		{FBEB0FA5-1DD4-4EF2-AF0E-4C3AB538A7F4}.Debug|Any CPU.ActiveCfg = Debug|Any CPU
		{FBEB0FA5-1DD4-4EF2-AF0E-4C3AB538A7F4}.Debug|Any CPU.Build.0 = Debug|Any CPU
		{FBEB0FA5-1DD4-4EF2-AF0E-4C3AB538A7F4}.Release|Any CPU.ActiveCfg = Release|Any CPU
		{FBEB0FA5-1DD4-4EF2-AF0E-4C3AB538A7F4}.Release|Any CPU.Build.0 = Release|Any CPU
	EndGlobalSection
	GlobalSection(SolutionProperties) = preSolution
		HideSolutionNode = FALSE
	EndGlobalSection
	GlobalSection(ExtensibilityGlobals) = postSolution
		SolutionGuid = {E39BF415-CF2D-4BFA-B037-F3EB6A3CF02D}
	EndGlobalSection
EndGlobal
